PODS:
  - SDWebImage (4.2.3):
    - SDWebImage/Core (= 4.2.3)
  - SDWebImage/Core (4.2.3)
  - XZYMyUtil (1.2.0)

DEPENDENCIES:
  - SDWebImage
  - XZYMyUtil

SPEC CHECKSUMS:
  SDWebImage: 791bb72962b3492327ddcac4b1880bd1b5458431
  XZYMyUtil: 30052042277e7e40482a9c4cb3fe9ab64c44a64d

PODFILE CHECKSUM: e5925005d608e6f9107f7559ef7e567dc377e016

COCOAPODS: 1.2.0
